// !$*UTF8*$!
{
	archiveVersion = 1;
	classes = {
	};
	objectVersion = 51;
	objects = {

/* Begin PBXBuildFile section */
		15D48D9D631332D8B35D5239 /* Pods_InstagramTests.framework in Frameworks */ = {isa = PBXBuildFile; fileRef = BE47CD29610D0121A5DBE93C /* Pods_InstagramTests.framework */; };
		5EF0DF7BFEC445E32D0AA472 /* Pods_Instagram.framework in Frameworks */ = {isa = PBXBuildFile; fileRef = CE61FA6817C7EB6ECCDDB921 /* Pods_Instagram.framework */; };
		96B30CDFD2969C318705DA8D /* Pods_Instagram_InstagramUITests.framework in Frameworks */ = {isa = PBXBuildFile; fileRef = 1619BF3F7B6B54AE873EE934 /* Pods_Instagram_InstagramUITests.framework */; };
		F753378E25FEDB5100C48FCD /* PostCell.swift in Sources */ = {isa = PBXBuildFile; fileRef = F753378D25FEDB5100C48FCD /* PostCell.swift */; };
		F757C09F25F717EF00A0A61D /* LoginViewController.swift in Sources */ = {isa = PBXBuildFile; fileRef = F757C09E25F717EF00A0A61D /* LoginViewController.swift */; };
		F757C0A425F717FC00A0A61D /* FeedViewController.swift in Sources */ = {isa = PBXBuildFile; fileRef = F757C0A325F717FC00A0A61D /* FeedViewController.swift */; };
		F76CE66525F7128200387C5A /* AppDelegate.swift in Sources */ = {isa = PBXBuildFile; fileRef = F76CE66425F7128200387C5A /* AppDelegate.swift */; };
		F76CE66725F7128200387C5A /* SceneDelegate.swift in Sources */ = {isa = PBXBuildFile; fileRef = F76CE66625F7128200387C5A /* SceneDelegate.swift */; };
		F76CE66C25F7128300387C5A /* Main.storyboard in Resources */ = {isa = PBXBuildFile; fileRef = F76CE66A25F7128300387C5A /* Main.storyboard */; };
		F76CE66E25F7128400387C5A /* Assets.xcassets in Resources */ = {isa = PBXBuildFile; fileRef = F76CE66D25F7128400387C5A /* Assets.xcassets */; };
		F76CE67125F7128400387C5A /* LaunchScreen.storyboard in Resources */ = {isa = PBXBuildFile; fileRef = F76CE66F25F7128400387C5A /* LaunchScreen.storyboard */; };
		F76CE67C25F7128500387C5A /* InstagramTests.swift in Sources */ = {isa = PBXBuildFile; fileRef = F76CE67B25F7128500387C5A /* InstagramTests.swift */; };
		F76CE68725F7128500387C5A /* InstagramUITests.swift in Sources */ = {isa = PBXBuildFile; fileRef = F76CE68625F7128500387C5A /* InstagramUITests.swift */; };
		F781A40E25F86D5F004D6CA1 /* CameraViewController.swift in Sources */ = {isa = PBXBuildFile; fileRef = F781A40D25F86D5F004D6CA1 /* CameraViewController.swift */; };
		F7E35A532603035800993163 /* CommentCell.swift in Sources */ = {isa = PBXBuildFile; fileRef = F7E35A522603035800993163 /* CommentCell.swift */; };
/* End PBXBuildFile section */

/* Begin PBXContainerItemProxy section */
		F76CE67825F7128500387C5A /* PBXContainerItemProxy */ = {
			isa = PBXContainerItemProxy;
			containerPortal = F76CE65925F7128200387C5A /* Project object */;
			proxyType = 1;
			remoteGlobalIDString = F76CE66025F7128200387C5A;
			remoteInfo = Instagram;
		};
		F76CE68325F7128500387C5A /* PBXContainerItemProxy */ = {
			isa = PBXContainerItemProxy;
			containerPortal = F76CE65925F7128200387C5A /* Project object */;
			proxyType = 1;
			remoteGlobalIDString = F76CE66025F7128200387C5A;
			remoteInfo = Instagram;
		};
/* End PBXContainerItemProxy section */

/* Begin PBXFileReference section */
		1619BF3F7B6B54AE873EE934 /* Pods_Instagram_InstagramUITests.framework */ = {isa = PBXFileReference; explicitFileType = wrapper.framework; includeInIndex = 0; path = Pods_Instagram_InstagramUITests.framework; sourceTree = BUILT_PRODUCTS_DIR; };
		2532A00C41460747B673F8FC /* Pods-InstagramTests.debug.xcconfig */ = {isa = PBXFileReference; includeInIndex = 1; lastKnownFileType = text.xcconfig; name = "Pods-InstagramTests.debug.xcconfig"; path = "Target Support Files/Pods-InstagramTests/Pods-InstagramTests.debug.xcconfig"; sourceTree = "<group>"; };
		73032796FBD0F9DD42F778B2 /* Pods-Instagram-InstagramUITests.release.xcconfig */ = {isa = PBXFileReference; includeInIndex = 1; lastKnownFileType = text.xcconfig; name = "Pods-Instagram-InstagramUITests.release.xcconfig"; path = "Target Support Files/Pods-Instagram-InstagramUITests/Pods-Instagram-InstagramUITests.release.xcconfig"; sourceTree = "<group>"; };
		932C8B39B5F8743315AFAD8D /* Pods-Instagram-InstagramUITests.debug.xcconfig */ = {isa = PBXFileReference; includeInIndex = 1; lastKnownFileType = text.xcconfig; name = "Pods-Instagram-InstagramUITests.debug.xcconfig"; path = "Target Support Files/Pods-Instagram-InstagramUITests/Pods-Instagram-InstagramUITests.debug.xcconfig"; sourceTree = "<group>"; };
		A1A4A6F558498385592C679A /* Pods-Instagram.debug.xcconfig */ = {isa = PBXFileReference; includeInIndex = 1; lastKnownFileType = text.xcconfig; name = "Pods-Instagram.debug.xcconfig"; path = "Target Support Files/Pods-Instagram/Pods-Instagram.debug.xcconfig"; sourceTree = "<group>"; };
		BE47CD29610D0121A5DBE93C /* Pods_InstagramTests.framework */ = {isa = PBXFileReference; explicitFileType = wrapper.framework; includeInIndex = 0; path = Pods_InstagramTests.framework; sourceTree = BUILT_PRODUCTS_DIR; };
		C6D3A5D7A5A034A84F9E68E7 /* Pods-Instagram.release.xcconfig */ = {isa = PBXFileReference; includeInIndex = 1; lastKnownFileType = text.xcconfig; name = "Pods-Instagram.release.xcconfig"; path = "Target Support Files/Pods-Instagram/Pods-Instagram.release.xcconfig"; sourceTree = "<group>"; };
		CE61FA6817C7EB6ECCDDB921 /* Pods_Instagram.framework */ = {isa = PBXFileReference; explicitFileType = wrapper.framework; includeInIndex = 0; path = Pods_Instagram.framework; sourceTree = BUILT_PRODUCTS_DIR; };
		F4B7DD4EF320F097010479A5 /* Pods-InstagramTests.release.xcconfig */ = {isa = PBXFileReference; includeInIndex = 1; lastKnownFileType = text.xcconfig; name = "Pods-InstagramTests.release.xcconfig"; path = "Target Support Files/Pods-InstagramTests/Pods-InstagramTests.release.xcconfig"; sourceTree = "<group>"; };
		F753378D25FEDB5100C48FCD /* PostCell.swift */ = {isa = PBXFileReference; lastKnownFileType = sourcecode.swift; path = PostCell.swift; sourceTree = "<group>"; };
		F757C09E25F717EF00A0A61D /* LoginViewController.swift */ = {isa = PBXFileReference; lastKnownFileType = sourcecode.swift; path = LoginViewController.swift; sourceTree = "<group>"; };
		F757C0A325F717FC00A0A61D /* FeedViewController.swift */ = {isa = PBXFileReference; lastKnownFileType = sourcecode.swift; path = FeedViewController.swift; sourceTree = "<group>"; };
		F76CE66125F7128200387C5A /* Instagram.app */ = {isa = PBXFileReference; explicitFileType = wrapper.application; includeInIndex = 0; path = Instagram.app; sourceTree = BUILT_PRODUCTS_DIR; };
		F76CE66425F7128200387C5A /* AppDelegate.swift */ = {isa = PBXFileReference; lastKnownFileType = sourcecode.swift; path = AppDelegate.swift; sourceTree = "<group>"; };
		F76CE66625F7128200387C5A /* SceneDelegate.swift */ = {isa = PBXFileReference; lastKnownFileType = sourcecode.swift; path = SceneDelegate.swift; sourceTree = "<group>"; };
		F76CE66B25F7128300387C5A /* Base */ = {isa = PBXFileReference; lastKnownFileType = file.storyboard; name = Base; path = Base.lproj/Main.storyboard; sourceTree = "<group>"; };
		F76CE66D25F7128400387C5A /* Assets.xcassets */ = {isa = PBXFileReference; lastKnownFileType = folder.assetcatalog; path = Assets.xcassets; sourceTree = "<group>"; };
		F76CE67025F7128400387C5A /* Base */ = {isa = PBXFileReference; lastKnownFileType = file.storyboard; name = Base; path = Base.lproj/LaunchScreen.storyboard; sourceTree = "<group>"; };
		F76CE67225F7128400387C5A /* Info.plist */ = {isa = PBXFileReference; lastKnownFileType = text.plist.xml; path = Info.plist; sourceTree = "<group>"; };
		F76CE67725F7128500387C5A /* InstagramTests.xctest */ = {isa = PBXFileReference; explicitFileType = wrapper.cfbundle; includeInIndex = 0; path = InstagramTests.xctest; sourceTree = BUILT_PRODUCTS_DIR; };
		F76CE67B25F7128500387C5A /* InstagramTests.swift */ = {isa = PBXFileReference; lastKnownFileType = sourcecode.swift; path = InstagramTests.swift; sourceTree = "<group>"; };
		F76CE67D25F7128500387C5A /* Info.plist */ = {isa = PBXFileReference; lastKnownFileType = text.plist.xml; path = Info.plist; sourceTree = "<group>"; };
		F76CE68225F7128500387C5A /* InstagramUITests.xctest */ = {isa = PBXFileReference; explicitFileType = wrapper.cfbundle; includeInIndex = 0; path = InstagramUITests.xctest; sourceTree = BUILT_PRODUCTS_DIR; };
		F76CE68625F7128500387C5A /* InstagramUITests.swift */ = {isa = PBXFileReference; lastKnownFileType = sourcecode.swift; path = InstagramUITests.swift; sourceTree = "<group>"; };
		F76CE68825F7128500387C5A /* Info.plist */ = {isa = PBXFileReference; lastKnownFileType = text.plist.xml; path = Info.plist; sourceTree = "<group>"; };
		F781A40D25F86D5F004D6CA1 /* CameraViewController.swift */ = {isa = PBXFileReference; lastKnownFileType = sourcecode.swift; path = CameraViewController.swift; sourceTree = "<group>"; };
		F7E35A522603035800993163 /* CommentCell.swift */ = {isa = PBXFileReference; lastKnownFileType = sourcecode.swift; path = CommentCell.swift; sourceTree = "<group>"; };
/* End PBXFileReference section */

/* Begin PBXFrameworksBuildPhase section */
		F76CE65E25F7128200387C5A /* Frameworks */ = {
			isa = PBXFrameworksBuildPhase;
			buildActionMask = 2147483647;
			files = (
				5EF0DF7BFEC445E32D0AA472 /* Pods_Instagram.framework in Frameworks */,
			);
			runOnlyForDeploymentPostprocessing = 0;
		};
		F76CE67425F7128500387C5A /* Frameworks */ = {
			isa = PBXFrameworksBuildPhase;
			buildActionMask = 2147483647;
			files = (
				15D48D9D631332D8B35D5239 /* Pods_InstagramTests.framework in Frameworks */,
			);
			runOnlyForDeploymentPostprocessing = 0;
		};
		F76CE67F25F7128500387C5A /* Frameworks */ = {
			isa = PBXFrameworksBuildPhase;
			buildActionMask = 2147483647;
			files = (
				96B30CDFD2969C318705DA8D /* Pods_Instagram_InstagramUITests.framework in Frameworks */,
			);
			runOnlyForDeploymentPostprocessing = 0;
		};
/* End PBXFrameworksBuildPhase section */

/* Begin PBXGroup section */
		51591448C8A12A88E9A5B96F /* Frameworks */ = {
			isa = PBXGroup;
			children = (
				CE61FA6817C7EB6ECCDDB921 /* Pods_Instagram.framework */,
				1619BF3F7B6B54AE873EE934 /* Pods_Instagram_InstagramUITests.framework */,
				BE47CD29610D0121A5DBE93C /* Pods_InstagramTests.framework */,
			);
			name = Frameworks;
			sourceTree = "<group>";
		};
		E346524E1EE6647F433B3765 /* Pods */ = {
			isa = PBXGroup;
			children = (
				A1A4A6F558498385592C679A /* Pods-Instagram.debug.xcconfig */,
				C6D3A5D7A5A034A84F9E68E7 /* Pods-Instagram.release.xcconfig */,
				932C8B39B5F8743315AFAD8D /* Pods-Instagram-InstagramUITests.debug.xcconfig */,
				73032796FBD0F9DD42F778B2 /* Pods-Instagram-InstagramUITests.release.xcconfig */,
				2532A00C41460747B673F8FC /* Pods-InstagramTests.debug.xcconfig */,
				F4B7DD4EF320F097010479A5 /* Pods-InstagramTests.release.xcconfig */,
			);
			path = Pods;
			sourceTree = "<group>";
		};
		F76CE65825F7128200387C5A = {
			isa = PBXGroup;
			children = (
				F76CE66325F7128200387C5A /* Instagram */,
				F76CE67A25F7128500387C5A /* InstagramTests */,
				F76CE68525F7128500387C5A /* InstagramUITests */,
				F76CE66225F7128200387C5A /* Products */,
				E346524E1EE6647F433B3765 /* Pods */,
				51591448C8A12A88E9A5B96F /* Frameworks */,
			);
			sourceTree = "<group>";
		};
		F76CE66225F7128200387C5A /* Products */ = {
			isa = PBXGroup;
			children = (
				F76CE66125F7128200387C5A /* Instagram.app */,
				F76CE67725F7128500387C5A /* InstagramTests.xctest */,
				F76CE68225F7128500387C5A /* InstagramUITests.xctest */,
			);
			name = Products;
			sourceTree = "<group>";
		};
		F76CE66325F7128200387C5A /* Instagram */ = {
			isa = PBXGroup;
			children = (
				F76CE66425F7128200387C5A /* AppDelegate.swift */,
				F7E35A522603035800993163 /* CommentCell.swift */,
				F76CE66625F7128200387C5A /* SceneDelegate.swift */,
				F76CE66A25F7128300387C5A /* Main.storyboard */,
				F76CE66D25F7128400387C5A /* Assets.xcassets */,
				F76CE66F25F7128400387C5A /* LaunchScreen.storyboard */,
				F76CE67225F7128400387C5A /* Info.plist */,
				F757C09E25F717EF00A0A61D /* LoginViewController.swift */,
				F757C0A325F717FC00A0A61D /* FeedViewController.swift */,
				F781A40D25F86D5F004D6CA1 /* CameraViewController.swift */,
				F753378D25FEDB5100C48FCD /* PostCell.swift */,
			);
			path = Instagram;
			sourceTree = "<group>";
		};
		F76CE67A25F7128500387C5A /* InstagramTests */ = {
			isa = PBXGroup;
			children = (
				F76CE67B25F7128500387C5A /* InstagramTests.swift */,
				F76CE67D25F7128500387C5A /* Info.plist */,
			);
			path = InstagramTests;
			sourceTree = "<group>";
		};
		F76CE68525F7128500387C5A /* InstagramUITests */ = {
			isa = PBXGroup;
			children = (
				F76CE68625F7128500387C5A /* InstagramUITests.swift */,
				F76CE68825F7128500387C5A /* Info.plist */,
			);
			path = InstagramUITests;
			sourceTree = "<group>";
		};
/* End PBXGroup section */

/* Begin PBXNativeTarget section */
		F76CE66025F7128200387C5A /* Instagram */ = {
			isa = PBXNativeTarget;
			buildConfigurationList = F76CE68B25F7128500387C5A /* Build configuration list for PBXNativeTarget "Instagram" */;
			buildPhases = (
				95FCD38436983B3E2FDCF261 /* [CP] Check Pods Manifest.lock */,
				F76CE65D25F7128200387C5A /* Sources */,
				F76CE65E25F7128200387C5A /* Frameworks */,
				F76CE65F25F7128200387C5A /* Resources */,
				178CF24B2B90D7BBBF3585B2 /* [CP] Embed Pods Frameworks */,
			);
			buildRules = (
			);
			dependencies = (
			);
			name = Instagram;
			productName = Instagram;
			productReference = F76CE66125F7128200387C5A /* Instagram.app */;
			productType = "com.apple.product-type.application";
		};
		F76CE67625F7128500387C5A /* InstagramTests */ = {
			isa = PBXNativeTarget;
			buildConfigurationList = F76CE68E25F7128500387C5A /* Build configuration list for PBXNativeTarget "InstagramTests" */;
			buildPhases = (
				67433186A5442E8ECFC9E2F3 /* [CP] Check Pods Manifest.lock */,
				F76CE67325F7128500387C5A /* Sources */,
				F76CE67425F7128500387C5A /* Frameworks */,
				F76CE67525F7128500387C5A /* Resources */,
			);
			buildRules = (
			);
			dependencies = (
				F76CE67925F7128500387C5A /* PBXTargetDependency */,
			);
			name = InstagramTests;
			productName = InstagramTests;
			productReference = F76CE67725F7128500387C5A /* InstagramTests.xctest */;
			productType = "com.apple.product-type.bundle.unit-test";
		};
		F76CE68125F7128500387C5A /* InstagramUITests */ = {
			isa = PBXNativeTarget;
			buildConfigurationList = F76CE69125F7128500387C5A /* Build configuration list for PBXNativeTarget "InstagramUITests" */;
			buildPhases = (
				97F9713583D3825D31DAEEBE /* [CP] Check Pods Manifest.lock */,
				F76CE67E25F7128500387C5A /* Sources */,
				F76CE67F25F7128500387C5A /* Frameworks */,
				F76CE68025F7128500387C5A /* Resources */,
				DA21C87312FD522E56ED6B3D /* [CP] Embed Pods Frameworks */,
			);
			buildRules = (
			);
			dependencies = (
				F76CE68425F7128500387C5A /* PBXTargetDependency */,
			);
			name = InstagramUITests;
			productName = InstagramUITests;
			productReference = F76CE68225F7128500387C5A /* InstagramUITests.xctest */;
			productType = "com.apple.product-type.bundle.ui-testing";
		};
/* End PBXNativeTarget section */

/* Begin PBXProject section */
		F76CE65925F7128200387C5A /* Project object */ = {
			isa = PBXProject;
			attributes = {
				LastSwiftUpdateCheck = 1240;
				LastUpgradeCheck = 1240;
				TargetAttributes = {
					F76CE66025F7128200387C5A = {
						CreatedOnToolsVersion = 12.4;
					};
					F76CE67625F7128500387C5A = {
						CreatedOnToolsVersion = 12.4;
						TestTargetID = F76CE66025F7128200387C5A;
					};
					F76CE68125F7128500387C5A = {
						CreatedOnToolsVersion = 12.4;
						TestTargetID = F76CE66025F7128200387C5A;
					};
				};
			};
			buildConfigurationList = F76CE65C25F7128200387C5A /* Build configuration list for PBXProject "Instagram" */;
			compatibilityVersion = "Xcode 9.3";
			developmentRegion = en;
			hasScannedForEncodings = 0;
			knownRegions = (
				en,
				Base,
			);
			mainGroup = F76CE65825F7128200387C5A;
			productRefGroup = F76CE66225F7128200387C5A /* Products */;
			projectDirPath = "";
			projectRoot = "";
			targets = (
				F76CE66025F7128200387C5A /* Instagram */,
				F76CE67625F7128500387C5A /* InstagramTests */,
				F76CE68125F7128500387C5A /* InstagramUITests */,
			);
		};
/* End PBXProject section */

/* Begin PBXResourcesBuildPhase section */
		F76CE65F25F7128200387C5A /* Resources */ = {
			isa = PBXResourcesBuildPhase;
			buildActionMask = 2147483647;
			files = (
				F76CE67125F7128400387C5A /* LaunchScreen.storyboard in Resources */,
				F76CE66E25F7128400387C5A /* Assets.xcassets in Resources */,
				F76CE66C25F7128300387C5A /* Main.storyboard in Resources */,
			);
			runOnlyForDeploymentPostprocessing = 0;
		};
		F76CE67525F7128500387C5A /* Resources */ = {
			isa = PBXResourcesBuildPhase;
			buildActionMask = 2147483647;
			files = (
			);
			runOnlyForDeploymentPostprocessing = 0;
		};
		F76CE68025F7128500387C5A /* Resources */ = {
			isa = PBXResourcesBuildPhase;
			buildActionMask = 2147483647;
			files = (
			);
			runOnlyForDeploymentPostprocessing = 0;
		};
/* End PBXResourcesBuildPhase section */

/* Begin PBXShellScriptBuildPhase section */
		178CF24B2B90D7BBBF3585B2 /* [CP] Embed Pods Frameworks */ = {
			isa = PBXShellScriptBuildPhase;
			buildActionMask = 2147483647;
			files = (
			);
			inputFileListPaths = (
				"${PODS_ROOT}/Target Support Files/Pods-Instagram/Pods-Instagram-frameworks-${CONFIGURATION}-input-files.xcfilelist",
			);
			name = "[CP] Embed Pods Frameworks";
			outputFileListPaths = (
				"${PODS_ROOT}/Target Support Files/Pods-Instagram/Pods-Instagram-frameworks-${CONFIGURATION}-output-files.xcfilelist",
			);
			runOnlyForDeploymentPostprocessing = 0;
			shellPath = /bin/sh;
			shellScript = "\"${PODS_ROOT}/Target Support Files/Pods-Instagram/Pods-Instagram-frameworks.sh\"\n";
			showEnvVarsInLog = 0;
		};
		67433186A5442E8ECFC9E2F3 /* [CP] Check Pods Manifest.lock */ = {
			isa = PBXShellScriptBuildPhase;
			buildActionMask = 2147483647;
			files = (
			);
			inputFileListPaths = (
			);
			inputPaths = (
				"${PODS_PODFILE_DIR_PATH}/Podfile.lock",
				"${PODS_ROOT}/Manifest.lock",
			);
			name = "[CP] Check Pods Manifest.lock";
			outputFileListPaths = (
			);
			outputPaths = (
				"$(DERIVED_FILE_DIR)/Pods-InstagramTests-checkManifestLockResult.txt",
			);
			runOnlyForDeploymentPostprocessing = 0;
			shellPath = /bin/sh;
			shellScript = "diff \"${PODS_PODFILE_DIR_PATH}/Podfile.lock\" \"${PODS_ROOT}/Manifest.lock\" > /dev/null\nif [ $? != 0 ] ; then\n    # print error to STDERR\n    echo \"error: The sandbox is not in sync with the Podfile.lock. Run 'pod install' or update your CocoaPods installation.\" >&2\n    exit 1\nfi\n# This output is used by Xcode 'outputs' to avoid re-running this script phase.\necho \"SUCCESS\" > \"${SCRIPT_OUTPUT_FILE_0}\"\n";
			showEnvVarsInLog = 0;
		};
		95FCD38436983B3E2FDCF261 /* [CP] Check Pods Manifest.lock */ = {
			isa = PBXShellScriptBuildPhase;
			buildActionMask = 2147483647;
			files = (
			);
			inputFileListPaths = (
			);
			inputPaths = (
				"${PODS_PODFILE_DIR_PATH}/Podfile.lock",
				"${PODS_ROOT}/Manifest.lock",
			);
			name = "[CP] Check Pods Manifest.lock";
			outputFileListPaths = (
			);
			outputPaths = (
				"$(DERIVED_FILE_DIR)/Pods-Instagram-checkManifestLockResult.txt",
			);
			runOnlyForDeploymentPostprocessing = 0;
			shellPath = /bin/sh;
			shellScript = "diff \"${PODS_PODFILE_DIR_PATH}/Podfile.lock\" \"${PODS_ROOT}/Manifest.lock\" > /dev/null\nif [ $? != 0 ] ; then\n    # print error to STDERR\n    echo \"error: The sandbox is not in sync with the Podfile.lock. Run 'pod install' or update your CocoaPods installation.\" >&2\n    exit 1\nfi\n# This output is used by Xcode 'outputs' to avoid re-running this script phase.\necho \"SUCCESS\" > \"${SCRIPT_OUTPUT_FILE_0}\"\n";
			showEnvVarsInLog = 0;
		};
		97F9713583D3825D31DAEEBE /* [CP] Check Pods Manifest.lock */ = {
			isa = PBXShellScriptBuildPhase;
			buildActionMask = 2147483647;
			files = (
			);
			inputFileListPaths = (
			);
			inputPaths = (
				"${PODS_PODFILE_DIR_PATH}/Podfile.lock",
				"${PODS_ROOT}/Manifest.lock",
			);
			name = "[CP] Check Pods Manifest.lock";
			outputFileListPaths = (
			);
			outputPaths = (
				"$(DERIVED_FILE_DIR)/Pods-Instagram-InstagramUITests-checkManifestLockResult.txt",
			);
			runOnlyForDeploymentPostprocessing = 0;
			shellPath = /bin/sh;
			shellScript = "diff \"${PODS_PODFILE_DIR_PATH}/Podfile.lock\" \"${PODS_ROOT}/Manifest.lock\" > /dev/null\nif [ $? != 0 ] ; then\n    # print error to STDERR\n    echo \"error: The sandbox is not in sync with the Podfile.lock. Run 'pod install' or update your CocoaPods installation.\" >&2\n    exit 1\nfi\n# This output is used by Xcode 'outputs' to avoid re-running this script phase.\necho \"SUCCESS\" > \"${SCRIPT_OUTPUT_FILE_0}\"\n";
			showEnvVarsInLog = 0;
		};
		DA21C87312FD522E56ED6B3D /* [CP] Embed Pods Frameworks */ = {
			isa = PBXShellScriptBuildPhase;
			buildActionMask = 2147483647;
			files = (
			);
			inputFileListPaths = (
				"${PODS_ROOT}/Target Support Files/Pods-Instagram-InstagramUITests/Pods-Instagram-InstagramUITests-frameworks-${CONFIGURATION}-input-files.xcfilelist",
			);
			name = "[CP] Embed Pods Frameworks";
			outputFileListPaths = (
				"${PODS_ROOT}/Target Support Files/Pods-Instagram-InstagramUITests/Pods-Instagram-InstagramUITests-frameworks-${CONFIGURATION}-output-files.xcfilelist",
			);
			runOnlyForDeploymentPostprocessing = 0;
			shellPath = /bin/sh;
			shellScript = "\"${PODS_ROOT}/Target Support Files/Pods-Instagram-InstagramUITests/Pods-Instagram-InstagramUITests-frameworks.sh\"\n";
			showEnvVarsInLog = 0;
		};
/* End PBXShellScriptBuildPhase section */

/* Begin PBXSourcesBuildPhase section */
		F76CE65D25F7128200387C5A /* Sources */ = {
			isa = PBXSourcesBuildPhase;
			buildActionMask = 2147483647;
			files = (
				F757C09F25F717EF00A0A61D /* LoginViewController.swift in Sources */,
				F781A40E25F86D5F004D6CA1 /* CameraViewController.swift in Sources */,
				F76CE66525F7128200387C5A /* AppDelegate.swift in Sources */,
				F757C0A425F717FC00A0A61D /* FeedViewController.swift in Sources */,
				F76CE66725F7128200387C5A /* SceneDelegate.swift in Sources */,
				F753378E25FEDB5100C48FCD /* PostCell.swift in Sources */,
				F7E35A532603035800993163 /* CommentCell.swift in Sources */,
			);
			runOnlyForDeploymentPostprocessing = 0;
		};
		F76CE67325F7128500387C5A /* Sources */ = {
			isa = PBXSourcesBuildPhase;
			buildActionMask = 2147483647;
			files = (
				F76CE67C25F7128500387C5A /* InstagramTests.swift in Sources */,
			);
			runOnlyForDeploymentPostprocessing = 0;
		};
		F76CE67E25F7128500387C5A /* Sources */ = {
			isa = PBXSourcesBuildPhase;
			buildActionMask = 2147483647;
			files = (
				F76CE68725F7128500387C5A /* InstagramUITests.swift in Sources */,
			);
			runOnlyForDeploymentPostprocessing = 0;
		};
/* End PBXSourcesBuildPhase section */

/* Begin PBXTargetDependency section */
		F76CE67925F7128500387C5A /* PBXTargetDependency */ = {
			isa = PBXTargetDependency;
			target = F76CE66025F7128200387C5A /* Instagram */;
			targetProxy = F76CE67825F7128500387C5A /* PBXContainerItemProxy */;
		};
		F76CE68425F7128500387C5A /* PBXTargetDependency */ = {
			isa = PBXTargetDependency;
			target = F76CE66025F7128200387C5A /* Instagram */;
			targetProxy = F76CE68325F7128500387C5A /* PBXContainerItemProxy */;
		};
/* End PBXTargetDependency section */

/* Begin PBXVariantGroup section */
		F76CE66A25F7128300387C5A /* Main.storyboard */ = {
			isa = PBXVariantGroup;
			children = (
				F76CE66B25F7128300387C5A /* Base */,
			);
			name = Main.storyboard;
			sourceTree = "<group>";
		};
		F76CE66F25F7128400387C5A /* LaunchScreen.storyboard */ = {
			isa = PBXVariantGroup;
			children = (
				F76CE67025F7128400387C5A /* Base */,
			);
			name = LaunchScreen.storyboard;
			sourceTree = "<group>";
		};
/* End PBXVariantGroup section */

/* Begin XCBuildConfiguration section */
		F76CE68925F7128500387C5A /* Debug */ = {
			isa = XCBuildConfiguration;
			buildSettings = {
				ALWAYS_SEARCH_USER_PATHS = NO;
				CLANG_ANALYZER_NONNULL = YES;
				CLANG_ANALYZER_NUMBER_OBJECT_CONVERSION = YES_AGGRESSIVE;
				CLANG_CXX_LANGUAGE_STANDARD = "gnu++14";
				CLANG_CXX_LIBRARY = "libc++";
				CLANG_ENABLE_MODULES = YES;
				CLANG_ENABLE_OBJC_ARC = YES;
				CLANG_ENABLE_OBJC_WEAK = YES;
				CLANG_WARN_BLOCK_CAPTURE_AUTORELEASING = YES;
				CLANG_WARN_BOOL_CONVERSION = YES;
				CLANG_WARN_COMMA = YES;
				CLANG_WARN_CONSTANT_CONVERSION = YES;
				CLANG_WARN_DEPRECATED_OBJC_IMPLEMENTATIONS = YES;
				CLANG_WARN_DIRECT_OBJC_ISA_USAGE = YES_ERROR;
				CLANG_WARN_DOCUMENTATION_COMMENTS = YES;
				CLANG_WARN_EMPTY_BODY = YES;
				CLANG_WARN_ENUM_CONVERSION = YES;
				CLANG_WARN_INFINITE_RECURSION = YES;
				CLANG_WARN_INT_CONVERSION = YES;
				CLANG_WARN_NON_LITERAL_NULL_CONVERSION = YES;
				CLANG_WARN_OBJC_IMPLICIT_RETAIN_SELF = YES;
				CLANG_WARN_OBJC_LITERAL_CONVERSION = YES;
				CLANG_WARN_OBJC_ROOT_CLASS = YES_ERROR;
				CLANG_WARN_QUOTED_INCLUDE_IN_FRAMEWORK_HEADER = YES;
				CLANG_WARN_RANGE_LOOP_ANALYSIS = YES;
				CLANG_WARN_STRICT_PROTOTYPES = YES;
				CLANG_WARN_SUSPICIOUS_MOVE = YES;
				CLANG_WARN_UNGUARDED_AVAILABILITY = YES_AGGRESSIVE;
				CLANG_WARN_UNREACHABLE_CODE = YES;
				CLANG_WARN__DUPLICATE_METHOD_MATCH = YES;
				COPY_PHASE_STRIP = NO;
				DEBUG_INFORMATION_FORMAT = dwarf;
				ENABLE_STRICT_OBJC_MSGSEND = YES;
				ENABLE_TESTABILITY = YES;
				GCC_C_LANGUAGE_STANDARD = gnu11;
				GCC_DYNAMIC_NO_PIC = NO;
				GCC_NO_COMMON_BLOCKS = YES;
				GCC_OPTIMIZATION_LEVEL = 0;
				GCC_PREPROCESSOR_DEFINITIONS = (
					"DEBUG=1",
					"$(inherited)",
				);
				GCC_WARN_64_TO_32_BIT_CONVERSION = YES;
				GCC_WARN_ABOUT_RETURN_TYPE = YES_ERROR;
				GCC_WARN_UNDECLARED_SELECTOR = YES;
				GCC_WARN_UNINITIALIZED_AUTOS = YES_AGGRESSIVE;
				GCC_WARN_UNUSED_FUNCTION = YES;
				GCC_WARN_UNUSED_VARIABLE = YES;
				IPHONEOS_DEPLOYMENT_TARGET = 14.4;
				MTL_ENABLE_DEBUG_INFO = INCLUDE_SOURCE;
				MTL_FAST_MATH = YES;
				ONLY_ACTIVE_ARCH = YES;
				SDKROOT = iphoneos;
				SWIFT_ACTIVE_COMPILATION_CONDITIONS = DEBUG;
				SWIFT_OPTIMIZATION_LEVEL = "-Onone";
			};
			name = Debug;
		};
		F76CE68A25F7128500387C5A /* Release */ = {
			isa = XCBuildConfiguration;
			buildSettings = {
				ALWAYS_SEARCH_USER_PATHS = NO;
				CLANG_ANALYZER_NONNULL = YES;
				CLANG_ANALYZER_NUMBER_OBJECT_CONVERSION = YES_AGGRESSIVE;
				CLANG_CXX_LANGUAGE_STANDARD = "gnu++14";
				CLANG_CXX_LIBRARY = "libc++";
				CLANG_ENABLE_MODULES = YES;
				CLANG_ENABLE_OBJC_ARC = YES;
				CLANG_ENABLE_OBJC_WEAK = YES;
				CLANG_WARN_BLOCK_CAPTURE_AUTORELEASING = YES;
				CLANG_WARN_BOOL_CONVERSION = YES;
				CLANG_WARN_COMMA = YES;
				CLANG_WARN_CONSTANT_CONVERSION = YES;
				CLANG_WARN_DEPRECATED_OBJC_IMPLEMENTATIONS = YES;
				CLANG_WARN_DIRECT_OBJC_ISA_USAGE = YES_ERROR;
				CLANG_WARN_DOCUMENTATION_COMMENTS = YES;
				CLANG_WARN_EMPTY_BODY = YES;
				CLANG_WARN_ENUM_CONVERSION = YES;
				CLANG_WARN_INFINITE_RECURSION = YES;
				CLANG_WARN_INT_CONVERSION = YES;
				CLANG_WARN_NON_LITERAL_NULL_CONVERSION = YES;
				CLANG_WARN_OBJC_IMPLICIT_RETAIN_SELF = YES;
				CLANG_WARN_OBJC_LITERAL_CONVERSION = YES;
				CLANG_WARN_OBJC_ROOT_CLASS = YES_ERROR;
				CLANG_WARN_QUOTED_INCLUDE_IN_FRAMEWORK_HEADER = YES;
				CLANG_WARN_RANGE_LOOP_ANALYSIS = YES;
				CLANG_WARN_STRICT_PROTOTYPES = YES;
				CLANG_WARN_SUSPICIOUS_MOVE = YES;
				CLANG_WARN_UNGUARDED_AVAILABILITY = YES_AGGRESSIVE;
				CLANG_WARN_UNREACHABLE_CODE = YES;
				CLANG_WARN__DUPLICATE_METHOD_MATCH = YES;
				COPY_PHASE_STRIP = NO;
				DEBUG_INFORMATION_FORMAT = "dwarf-with-dsym";
				ENABLE_NS_ASSERTIONS = NO;
				ENABLE_STRICT_OBJC_MSGSEND = YES;
				GCC_C_LANGUAGE_STANDARD = gnu11;
				GCC_NO_COMMON_BLOCKS = YES;
				GCC_WARN_64_TO_32_BIT_CONVERSION = YES;
				GCC_WARN_ABOUT_RETURN_TYPE = YES_ERROR;
				GCC_WARN_UNDECLARED_SELECTOR = YES;
				GCC_WARN_UNINITIALIZED_AUTOS = YES_AGGRESSIVE;
				GCC_WARN_UNUSED_FUNCTION = YES;
				GCC_WARN_UNUSED_VARIABLE = YES;
				IPHONEOS_DEPLOYMENT_TARGET = 14.4;
				MTL_ENABLE_DEBUG_INFO = NO;
				MTL_FAST_MATH = YES;
				SDKROOT = iphoneos;
				SWIFT_COMPILATION_MODE = wholemodule;
				SWIFT_OPTIMIZATION_LEVEL = "-O";
				VALIDATE_PRODUCT = YES;
			};
			name = Release;
		};
		F76CE68C25F7128500387C5A /* Debug */ = {
			isa = XCBuildConfiguration;
			baseConfigurationReference = A1A4A6F558498385592C679A /* Pods-Instagram.debug.xcconfig */;
			buildSettings = {
				ASSETCATALOG_COMPILER_APPICON_NAME = AppIcon;
				ASSETCATALOG_COMPILER_GLOBAL_ACCENT_COLOR_NAME = AccentColor;
				CODE_SIGN_STYLE = Automatic;
				INFOPLIST_FILE = Instagram/Info.plist;
				LD_RUNPATH_SEARCH_PATHS = (
					"$(inherited)",
					"@executable_path/Frameworks",
				);
				PRODUCT_BUNDLE_IDENTIFIER = "amahi2001-live.com.Instagram";
				PRODUCT_NAME = "$(TARGET_NAME)";
				SWIFT_VERSION = 5.0;
				TARGETED_DEVICE_FAMILY = "1,2";
			};
			name = Debug;
		};
		F76CE68D25F7128500387C5A /* Release */ = {
			isa = XCBuildConfiguration;
			baseConfigurationReference = C6D3A5D7A5A034A84F9E68E7 /* Pods-Instagram.release.xcconfig */;
			buildSettings = {
				ASSETCATALOG_COMPILER_APPICON_NAME = AppIcon;
				ASSETCATALOG_COMPILER_GLOBAL_ACCENT_COLOR_NAME = AccentColor;
				CODE_SIGN_STYLE = Automatic;
				INFOPLIST_FILE = Instagram/Info.plist;
				LD_RUNPATH_SEARCH_PATHS = (
					"$(inherited)",
					"@executable_path/Frameworks",
				);
				PRODUCT_BUNDLE_IDENTIFIER = "amahi2001-live.com.Instagram";
				PRODUCT_NAME = "$(TARGET_NAME)";
				SWIFT_VERSION = 5.0;
				TARGETED_DEVICE_FAMILY = "1,2";
			};
			name = Release;
		};
		F76CE68F25F7128500387C5A /* Debug */ = {
			isa = XCBuildConfiguration;
			baseConfigurationReference = 2532A00C41460747B673F8FC /* Pods-InstagramTests.debug.xcconfig */;
			buildSettings = {
				ALWAYS_EMBED_SWIFT_STANDARD_LIBRARIES = YES;
				BUNDLE_LOADER = "$(TEST_HOST)";
				CODE_SIGN_STYLE = Automatic;
				INFOPLIST_FILE = InstagramTests/Info.plist;
				IPHONEOS_DEPLOYMENT_TARGET = 14.4;
				LD_RUNPATH_SEARCH_PATHS = (
					"$(inherited)",
					"@executable_path/Frameworks",
					"@loader_path/Frameworks",
				);
				PRODUCT_BUNDLE_IDENTIFIER = "amahi2001-live.com.InstagramTests";
				PRODUCT_NAME = "$(TARGET_NAME)";
				SWIFT_VERSION = 5.0;
				TARGETED_DEVICE_FAMILY = "1,2";
				TEST_HOST = "$(BUILT_PRODUCTS_DIR)/Instagram.app/Instagram";
			};
			name = Debug;
		};
		F76CE69025F7128500387C5A /* Release */ = {
			isa = XCBuildConfiguration;
			baseConfigurationReference = F4B7DD4EF320F097010479A5 /* Pods-InstagramTests.release.xcconfig */;
			buildSettings = {
				ALWAYS_EMBED_SWIFT_STANDARD_LIBRARIES = YES;
				BUNDLE_LOADER = "$(TEST_HOST)";
				CODE_SIGN_STYLE = Automatic;
				INFOPLIST_FILE = InstagramTests/Info.plist;
				IPHONEOS_DEPLOYMENT_TARGET = 14.4;
				LD_RUNPATH_SEARCH_PATHS = (
					"$(inherited)",
					"@executable_path/Frameworks",
					"@loader_path/Frameworks",
				);
				PRODUCT_BUNDLE_IDENTIFIER = "amahi2001-live.com.InstagramTests";
				PRODUCT_NAME = "$(TARGET_NAME)";
				SWIFT_VERSION = 5.0;
				TARGETED_DEVICE_FAMILY = "1,2";
				TEST_HOST = "$(BUILT_PRODUCTS_DIR)/Instagram.app/Instagram";
			};
			name = Release;
		};
		F76CE69225F7128500387C5A /* Debug */ = {
			isa = XCBuildConfiguration;
			baseConfigurationReference = 932C8B39B5F8743315AFAD8D /* Pods-Instagram-InstagramUITests.debug.xcconfig */;
			buildSettings = {
				ALWAYS_EMBED_SWIFT_STANDARD_LIBRARIES = YES;
				CODE_SIGN_STYLE = Automatic;
				INFOPLIST_FILE = InstagramUITests/Info.plist;
				LD_RUNPATH_SEARCH_PATHS = (
					"$(inherited)",
					"@executable_path/Frameworks",
					"@loader_path/Frameworks",
				);
				PRODUCT_BUNDLE_IDENTIFIER = "amahi2001-live.com.InstagramUITests";
				PRODUCT_NAME = "$(TARGET_NAME)";
				SWIFT_VERSION = 5.0;
				TARGETED_DEVICE_FAMILY = "1,2";
				TEST_TARGET_NAME = Instagram;
			};
			name = Debug;
		};
		F76CE69325F7128500387C5A /* Release */ = {
			isa = XCBuildConfiguration;
			baseConfigurationReference = 73032796FBD0F9DD42F778B2 /* Pods-Instagram-InstagramUITests.release.xcconfig */;
			buildSettings = {
				ALWAYS_EMBED_SWIFT_STANDARD_LIBRARIES = YES;
				CODE_SIGN_STYLE = Automatic;
				INFOPLIST_FILE = InstagramUITests/Info.plist;
				LD_RUNPATH_SEARCH_PATHS = (
					"$(inherited)",
					"@executable_path/Frameworks",
					"@loader_path/Frameworks",
				);
				PRODUCT_BUNDLE_IDENTIFIER = "amahi2001-live.com.InstagramUITests";
				PRODUCT_NAME = "$(TARGET_NAME)";
				SWIFT_VERSION = 5.0;
				TARGETED_DEVICE_FAMILY = "1,2";
				TEST_TARGET_NAME = Instagram;
			};
			name = Release;
		};
/* End XCBuildConfiguration section */

/* Begin XCConfigurationList section */
		F76CE65C25F7128200387C5A /* Build configuration list for PBXProject "Instagram" */ = {
			isa = XCConfigurationList;
			buildConfigurations = (
				F76CE68925F7128500387C5A /* Debug */,
				F76CE68A25F7128500387C5A /* Release */,
			);
			defaultConfigurationIsVisible = 0;
			defaultConfigurationName = Release;
		};
		F76CE68B25F7128500387C5A /* Build configuration list for PBXNativeTarget "Instagram" */ = {
			isa = XCConfigurationList;
			buildConfigurations = (
				F76CE68C25F7128500387C5A /* Debug */,
				F76CE68D25F7128500387C5A /* Release */,
			);
			defaultConfigurationIsVisible = 0;
			defaultConfigurationName = Release;
		};
		F76CE68E25F7128500387C5A /* Build configuration list for PBXNativeTarget "InstagramTests" */ = {
			isa = XCConfigurationList;
			buildConfigurations = (
				F76CE68F25F7128500387C5A /* Debug */,
				F76CE69025F7128500387C5A /* Release */,
			);
			defaultConfigurationIsVisible = 0;
			defaultConfigurationName = Release;
		};
		F76CE69125F7128500387C5A /* Build configuration list for PBXNativeTarget "InstagramUITests" */ = {
			isa = XCConfigurationList;
			buildConfigurations = (
				F76CE69225F7128500387C5A /* Debug */,
				F76CE69325F7128500387C5A /* Release */,
			);
			defaultConfigurationIsVisible = 0;
			defaultConfigurationName = Release;
		};
/* End XCConfigurationList section */
	};
	rootObject = F76CE65925F7128200387C5A /* Project object */;
}
